// !$*UTF8*$!
{
	archiveVersion = 1;
	classes = {
	};
	objectVersion = 50;
	objects = {

/* Begin PBXBuildFile section */
		022A6E1524CEE13E00AF523E /* CardView.swift in Sources */ = {isa = PBXBuildFile; fileRef = 022A6E1424CEE13E00AF523E /* CardView.swift */; };
		022A6E1924CFE1C600AF523E /* Grid.swift in Sources */ = {isa = PBXBuildFile; fileRef = 022A6E1824CFE1C600AF523E /* Grid.swift */; };
		022A6E1B24CFE5A800AF523E /* GridLayout.swift in Sources */ = {isa = PBXBuildFile; fileRef = 022A6E1A24CFE5A800AF523E /* GridLayout.swift */; };
		022A6E1D24CFF0FD00AF523E /* Card.swift in Sources */ = {isa = PBXBuildFile; fileRef = 022A6E1C24CFF0FD00AF523E /* Card.swift */; };
		0230A99D251754F400CAFF3F /* TimerView.swift in Sources */ = {isa = PBXBuildFile; fileRef = 0230A99C251754F400CAFF3F /* TimerView.swift */; };
		0230A99F2518549200CAFF3F /* Cardify.swift in Sources */ = {isa = PBXBuildFile; fileRef = 0230A99E2518549200CAFF3F /* Cardify.swift */; };
		024DA68F24C953B8003C3273 /* MemoryGame.swift in Sources */ = {isa = PBXBuildFile; fileRef = 024DA68E24C953B8003C3273 /* MemoryGame.swift */; };
		024DA69124C954A6003C3273 /* EmojiMemoryGame.swift in Sources */ = {isa = PBXBuildFile; fileRef = 024DA69024C954A6003C3273 /* EmojiMemoryGame.swift */; };
		027BA66D247EF2E4002BBDD2 /* AppDelegate.swift in Sources */ = {isa = PBXBuildFile; fileRef = 027BA66C247EF2E4002BBDD2 /* AppDelegate.swift */; };
		027BA66F247EF2E4002BBDD2 /* SceneDelegate.swift in Sources */ = {isa = PBXBuildFile; fileRef = 027BA66E247EF2E4002BBDD2 /* SceneDelegate.swift */; };
		027BA671247EF2E4002BBDD2 /* EmojiMemoryGameView.swift in Sources */ = {isa = PBXBuildFile; fileRef = 027BA670247EF2E4002BBDD2 /* EmojiMemoryGameView.swift */; };
		027BA673247EF2E8002BBDD2 /* Assets.xcassets in Resources */ = {isa = PBXBuildFile; fileRef = 027BA672247EF2E8002BBDD2 /* Assets.xcassets */; };
		027BA676247EF2E8002BBDD2 /* Preview Assets.xcassets in Resources */ = {isa = PBXBuildFile; fileRef = 027BA675247EF2E8002BBDD2 /* Preview Assets.xcassets */; };
		027BA679247EF2E8002BBDD2 /* LaunchScreen.storyboard in Resources */ = {isa = PBXBuildFile; fileRef = 027BA677247EF2E8002BBDD2 /* LaunchScreen.storyboard */; };
		027DFD1E24D6E8DB00CF5118 /* Array + Extensions.swift in Sources */ = {isa = PBXBuildFile; fileRef = 027DFD1D24D6E8DB00CF5118 /* Array + Extensions.swift */; };
/* End PBXBuildFile section */

/* Begin PBXFileReference section */
		022A6E1424CEE13E00AF523E /* CardView.swift */ = {isa = PBXFileReference; lastKnownFileType = sourcecode.swift; path = CardView.swift; sourceTree = "<group>"; };
		022A6E1824CFE1C600AF523E /* Grid.swift */ = {isa = PBXFileReference; lastKnownFileType = sourcecode.swift; path = Grid.swift; sourceTree = "<group>"; };
		022A6E1A24CFE5A800AF523E /* GridLayout.swift */ = {isa = PBXFileReference; fileEncoding = 4; lastKnownFileType = sourcecode.swift; path = GridLayout.swift; sourceTree = "<group>"; };
		022A6E1C24CFF0FD00AF523E /* Card.swift */ = {isa = PBXFileReference; lastKnownFileType = sourcecode.swift; path = Card.swift; sourceTree = "<group>"; };
		0230A99C251754F400CAFF3F /* TimerView.swift */ = {isa = PBXFileReference; lastKnownFileType = sourcecode.swift; path = TimerView.swift; sourceTree = "<group>"; };
		0230A99E2518549200CAFF3F /* Cardify.swift */ = {isa = PBXFileReference; lastKnownFileType = sourcecode.swift; path = Cardify.swift; sourceTree = "<group>"; };
		024DA68E24C953B8003C3273 /* MemoryGame.swift */ = {isa = PBXFileReference; lastKnownFileType = sourcecode.swift; path = MemoryGame.swift; sourceTree = "<group>"; };
		024DA69024C954A6003C3273 /* EmojiMemoryGame.swift */ = {isa = PBXFileReference; lastKnownFileType = sourcecode.swift; path = EmojiMemoryGame.swift; sourceTree = "<group>"; };
		027BA669247EF2E4002BBDD2 /* Memory.app */ = {isa = PBXFileReference; explicitFileType = wrapper.application; includeInIndex = 0; path = Memory.app; sourceTree = BUILT_PRODUCTS_DIR; };
		027BA66C247EF2E4002BBDD2 /* AppDelegate.swift */ = {isa = PBXFileReference; lastKnownFileType = sourcecode.swift; path = AppDelegate.swift; sourceTree = "<group>"; };
		027BA66E247EF2E4002BBDD2 /* SceneDelegate.swift */ = {isa = PBXFileReference; lastKnownFileType = sourcecode.swift; path = SceneDelegate.swift; sourceTree = "<group>"; };
		027BA670247EF2E4002BBDD2 /* EmojiMemoryGameView.swift */ = {isa = PBXFileReference; lastKnownFileType = sourcecode.swift; path = EmojiMemoryGameView.swift; sourceTree = "<group>"; };
		027BA672247EF2E8002BBDD2 /* Assets.xcassets */ = {isa = PBXFileReference; lastKnownFileType = folder.assetcatalog; path = Assets.xcassets; sourceTree = "<group>"; };
		027BA675247EF2E8002BBDD2 /* Preview Assets.xcassets */ = {isa = PBXFileReference; lastKnownFileType = folder.assetcatalog; path = "Preview Assets.xcassets"; sourceTree = "<group>"; };
		027BA678247EF2E8002BBDD2 /* Base */ = {isa = PBXFileReference; lastKnownFileType = file.storyboard; name = Base; path = Base.lproj/LaunchScreen.storyboard; sourceTree = "<group>"; };
		027BA67A247EF2E8002BBDD2 /* Info.plist */ = {isa = PBXFileReference; lastKnownFileType = text.plist.xml; path = Info.plist; sourceTree = "<group>"; };
		027DFD1D24D6E8DB00CF5118 /* Array + Extensions.swift */ = {isa = PBXFileReference; lastKnownFileType = sourcecode.swift; path = "Array + Extensions.swift"; sourceTree = "<group>"; };
/* End PBXFileReference section */

/* Begin PBXFrameworksBuildPhase section */
		027BA666247EF2E4002BBDD2 /* Frameworks */ = {
			isa = PBXFrameworksBuildPhase;
			buildActionMask = 2147483647;
			files = (
			);
			runOnlyForDeploymentPostprocessing = 0;
		};
/* End PBXFrameworksBuildPhase section */

/* Begin PBXGroup section */
		022A6E1624CEE19B00AF523E /* Views */ = {
			isa = PBXGroup;
			children = (
				022A6E1424CEE13E00AF523E /* CardView.swift */,
				027BA670247EF2E4002BBDD2 /* EmojiMemoryGameView.swift */,
				022A6E1824CFE1C600AF523E /* Grid.swift */,
				022A6E1A24CFE5A800AF523E /* GridLayout.swift */,
				022A6E1C24CFF0FD00AF523E /* Card.swift */,
			);
			path = Views;
			sourceTree = "<group>";
		};
		022A6E1724CFE18F00AF523E /* Models */ = {
			isa = PBXGroup;
			children = (
			);
			path = Models;
			sourceTree = "<group>";
		};
		0230A99B251754BE00CAFF3F /* Customs */ = {
			isa = PBXGroup;
			children = (
				0230A99C251754F400CAFF3F /* TimerView.swift */,
				0230A99E2518549200CAFF3F /* Cardify.swift */,
			);
			path = Customs;
			sourceTree = "<group>";
		};
		027BA660247EF2E4002BBDD2 = {
			isa = PBXGroup;
			children = (
				027BA66B247EF2E4002BBDD2 /* Memory */,
				027BA66A247EF2E4002BBDD2 /* Products */,
			);
			sourceTree = "<group>";
		};
		027BA66A247EF2E4002BBDD2 /* Products */ = {
			isa = PBXGroup;
			children = (
				027BA669247EF2E4002BBDD2 /* Memory.app */,
			);
			name = Products;
			sourceTree = "<group>";
		};
		027BA66B247EF2E4002BBDD2 /* Memory */ = {
			isa = PBXGroup;
			children = (
				0230A99B251754BE00CAFF3F /* Customs */,
				022A6E1724CFE18F00AF523E /* Models */,
				022A6E1624CEE19B00AF523E /* Views */,
				027BA67A247EF2E8002BBDD2 /* Info.plist */,
				027BA66C247EF2E4002BBDD2 /* AppDelegate.swift */,
				024DA69024C954A6003C3273 /* EmojiMemoryGame.swift */,
				024DA68E24C953B8003C3273 /* MemoryGame.swift */,
				027BA66E247EF2E4002BBDD2 /* SceneDelegate.swift */,
				027BA672247EF2E8002BBDD2 /* Assets.xcassets */,
				027BA677247EF2E8002BBDD2 /* LaunchScreen.storyboard */,
				027BA674247EF2E8002BBDD2 /* Preview Content */,
				027DFD1D24D6E8DB00CF5118 /* Array + Extensions.swift */,
			);
			path = Memory;
			sourceTree = "<group>";
		};
		027BA674247EF2E8002BBDD2 /* Preview Content */ = {
			isa = PBXGroup;
			children = (
				027BA675247EF2E8002BBDD2 /* Preview Assets.xcassets */,
			);
			path = "Preview Content";
			sourceTree = "<group>";
		};
/* End PBXGroup section */

/* Begin PBXNativeTarget section */
		027BA668247EF2E4002BBDD2 /* Memory */ = {
			isa = PBXNativeTarget;
			buildConfigurationList = 027BA67D247EF2E8002BBDD2 /* Build configuration list for PBXNativeTarget "Memory" */;
			buildPhases = (
				027BA665247EF2E4002BBDD2 /* Sources */,
				027BA666247EF2E4002BBDD2 /* Frameworks */,
				027BA667247EF2E4002BBDD2 /* Resources */,
			);
			buildRules = (
			);
			dependencies = (
			);
			name = Memory;
			productName = Memory;
			productReference = 027BA669247EF2E4002BBDD2 /* Memory.app */;
			productType = "com.apple.product-type.application";
		};
/* End PBXNativeTarget section */

/* Begin PBXProject section */
		027BA661247EF2E4002BBDD2 /* Project object */ = {
			isa = PBXProject;
			attributes = {
				LastSwiftUpdateCheck = 1130;
				LastUpgradeCheck = 1130;
				ORGANIZATIONNAME = Learning;
				TargetAttributes = {
					027BA668247EF2E4002BBDD2 = {
						CreatedOnToolsVersion = 11.3.1;
					};
				};
			};
			buildConfigurationList = 027BA664247EF2E4002BBDD2 /* Build configuration list for PBXProject "Memory" */;
			compatibilityVersion = "Xcode 9.3";
			developmentRegion = en;
			hasScannedForEncodings = 0;
			knownRegions = (
				en,
				Base,
			);
			mainGroup = 027BA660247EF2E4002BBDD2;
			productRefGroup = 027BA66A247EF2E4002BBDD2 /* Products */;
			projectDirPath = "";
			projectRoot = "";
			targets = (
				027BA668247EF2E4002BBDD2 /* Memory */,
			);
		};
/* End PBXProject section */

/* Begin PBXResourcesBuildPhase section */
		027BA667247EF2E4002BBDD2 /* Resources */ = {
			isa = PBXResourcesBuildPhase;
			buildActionMask = 2147483647;
			files = (
				027BA679247EF2E8002BBDD2 /* LaunchScreen.storyboard in Resources */,
				027BA676247EF2E8002BBDD2 /* Preview Assets.xcassets in Resources */,
				027BA673247EF2E8002BBDD2 /* Assets.xcassets in Resources */,
			);
			runOnlyForDeploymentPostprocessing = 0;
		};
/* End PBXResourcesBuildPhase section */

/* Begin PBXSourcesBuildPhase section */
		027BA665247EF2E4002BBDD2 /* Sources */ = {
			isa = PBXSourcesBuildPhase;
			buildActionMask = 2147483647;
			files = (
				027BA66D247EF2E4002BBDD2 /* AppDelegate.swift in Sources */,
				022A6E1D24CFF0FD00AF523E /* Card.swift in Sources */,
				027BA66F247EF2E4002BBDD2 /* SceneDelegate.swift in Sources */,
				027DFD1E24D6E8DB00CF5118 /* Array + Extensions.swift in Sources */,
				024DA68F24C953B8003C3273 /* MemoryGame.swift in Sources */,
				027BA671247EF2E4002BBDD2 /* EmojiMemoryGameView.swift in Sources */,
				0230A99F2518549200CAFF3F /* Cardify.swift in Sources */,
				0230A99D251754F400CAFF3F /* TimerView.swift in Sources */,
				022A6E1524CEE13E00AF523E /* CardView.swift in Sources */,
				022A6E1924CFE1C600AF523E /* Grid.swift in Sources */,
				024DA69124C954A6003C3273 /* EmojiMemoryGame.swift in Sources */,
				022A6E1B24CFE5A800AF523E /* GridLayout.swift in Sources */,
			);
			runOnlyForDeploymentPostprocessing = 0;
		};
/* End PBXSourcesBuildPhase section */

/* Begin PBXVariantGroup section */
		027BA677247EF2E8002BBDD2 /* LaunchScreen.storyboard */ = {
			isa = PBXVariantGroup;
			children = (
				027BA678247EF2E8002BBDD2 /* Base */,
			);
			name = LaunchScreen.storyboard;
			sourceTree = "<group>";
		};
/* End PBXVariantGroup section */

/* Begin XCBuildConfiguration section */
		027BA67B247EF2E8002BBDD2 /* Debug */ = {
			isa = XCBuildConfiguration;
			buildSettings = {
				ALWAYS_SEARCH_USER_PATHS = NO;
				CLANG_ANALYZER_NONNULL = YES;
				CLANG_ANALYZER_NUMBER_OBJECT_CONVERSION = YES_AGGRESSIVE;
				CLANG_CXX_LANGUAGE_STANDARD = "gnu++14";
				CLANG_CXX_LIBRARY = "libc++";
				CLANG_ENABLE_MODULES = YES;
				CLANG_ENABLE_OBJC_ARC = YES;
				CLANG_ENABLE_OBJC_WEAK = YES;
				CLANG_WARN_BLOCK_CAPTURE_AUTORELEASING = YES;
				CLANG_WARN_BOOL_CONVERSION = YES;
				CLANG_WARN_COMMA = YES;
				CLANG_WARN_CONSTANT_CONVERSION = YES;
				CLANG_WARN_DEPRECATED_OBJC_IMPLEMENTATIONS = YES;
				CLANG_WARN_DIRECT_OBJC_ISA_USAGE = YES_ERROR;
				CLANG_WARN_DOCUMENTATION_COMMENTS = YES;
				CLANG_WARN_EMPTY_BODY = YES;
				CLANG_WARN_ENUM_CONVERSION = YES;
				CLANG_WARN_INFINITE_RECURSION = YES;
				CLANG_WARN_INT_CONVERSION = YES;
				CLANG_WARN_NON_LITERAL_NULL_CONVERSION = YES;
				CLANG_WARN_OBJC_IMPLICIT_RETAIN_SELF = YES;
				CLANG_WARN_OBJC_LITERAL_CONVERSION = YES;
				CLANG_WARN_OBJC_ROOT_CLASS = YES_ERROR;
				CLANG_WARN_RANGE_LOOP_ANALYSIS = YES;
				CLANG_WARN_STRICT_PROTOTYPES = YES;
				CLANG_WARN_SUSPICIOUS_MOVE = YES;
				CLANG_WARN_UNGUARDED_AVAILABILITY = YES_AGGRESSIVE;
				CLANG_WARN_UNREACHABLE_CODE = YES;
				CLANG_WARN__DUPLICATE_METHOD_MATCH = YES;
				COPY_PHASE_STRIP = NO;
				DEBUG_INFORMATION_FORMAT = dwarf;
				ENABLE_STRICT_OBJC_MSGSEND = YES;
				ENABLE_TESTABILITY = YES;
				GCC_C_LANGUAGE_STANDARD = gnu11;
				GCC_DYNAMIC_NO_PIC = NO;
				GCC_NO_COMMON_BLOCKS = YES;
				GCC_OPTIMIZATION_LEVEL = 0;
				GCC_PREPROCESSOR_DEFINITIONS = (
					"DEBUG=1",
					"$(inherited)",
				);
				GCC_WARN_64_TO_32_BIT_CONVERSION = YES;
				GCC_WARN_ABOUT_RETURN_TYPE = YES_ERROR;
				GCC_WARN_UNDECLARED_SELECTOR = YES;
				GCC_WARN_UNINITIALIZED_AUTOS = YES_AGGRESSIVE;
				GCC_WARN_UNUSED_FUNCTION = YES;
				GCC_WARN_UNUSED_VARIABLE = YES;
				IPHONEOS_DEPLOYMENT_TARGET = 13.2;
				MTL_ENABLE_DEBUG_INFO = INCLUDE_SOURCE;
				MTL_FAST_MATH = YES;
				ONLY_ACTIVE_ARCH = YES;
				SDKROOT = iphoneos;
				SWIFT_ACTIVE_COMPILATION_CONDITIONS = DEBUG;
				SWIFT_OPTIMIZATION_LEVEL = "-Onone";
			};
			name = Debug;
		};
		027BA67C247EF2E8002BBDD2 /* Release */ = {
			isa = XCBuildConfiguration;
			buildSettings = {
				ALWAYS_SEARCH_USER_PATHS = NO;
				CLANG_ANALYZER_NONNULL = YES;
				CLANG_ANALYZER_NUMBER_OBJECT_CONVERSION = YES_AGGRESSIVE;
				CLANG_CXX_LANGUAGE_STANDARD = "gnu++14";
				CLANG_CXX_LIBRARY = "libc++";
				CLANG_ENABLE_MODULES = YES;
				CLANG_ENABLE_OBJC_ARC = YES;
				CLANG_ENABLE_OBJC_WEAK = YES;
				CLANG_WARN_BLOCK_CAPTURE_AUTORELEASING = YES;
				CLANG_WARN_BOOL_CONVERSION = YES;
				CLANG_WARN_COMMA = YES;
				CLANG_WARN_CONSTANT_CONVERSION = YES;
				CLANG_WARN_DEPRECATED_OBJC_IMPLEMENTATIONS = YES;
				CLANG_WARN_DIRECT_OBJC_ISA_USAGE = YES_ERROR;
				CLANG_WARN_DOCUMENTATION_COMMENTS = YES;
				CLANG_WARN_EMPTY_BODY = YES;
				CLANG_WARN_ENUM_CONVERSION = YES;
				CLANG_WARN_INFINITE_RECURSION = YES;
				CLANG_WARN_INT_CONVERSION = YES;
				CLANG_WARN_NON_LITERAL_NULL_CONVERSION = YES;
				CLANG_WARN_OBJC_IMPLICIT_RETAIN_SELF = YES;
				CLANG_WARN_OBJC_LITERAL_CONVERSION = YES;
				CLANG_WARN_OBJC_ROOT_CLASS = YES_ERROR;
				CLANG_WARN_RANGE_LOOP_ANALYSIS = YES;
				CLANG_WARN_STRICT_PROTOTYPES = YES;
				CLANG_WARN_SUSPICIOUS_MOVE = YES;
				CLANG_WARN_UNGUARDED_AVAILABILITY = YES_AGGRESSIVE;
				CLANG_WARN_UNREACHABLE_CODE = YES;
				CLANG_WARN__DUPLICATE_METHOD_MATCH = YES;
				COPY_PHASE_STRIP = NO;
				DEBUG_INFORMATION_FORMAT = "dwarf-with-dsym";
				ENABLE_NS_ASSERTIONS = NO;
				ENABLE_STRICT_OBJC_MSGSEND = YES;
				GCC_C_LANGUAGE_STANDARD = gnu11;
				GCC_NO_COMMON_BLOCKS = YES;
				GCC_WARN_64_TO_32_BIT_CONVERSION = YES;
				GCC_WARN_ABOUT_RETURN_TYPE = YES_ERROR;
				GCC_WARN_UNDECLARED_SELECTOR = YES;
				GCC_WARN_UNINITIALIZED_AUTOS = YES_AGGRESSIVE;
				GCC_WARN_UNUSED_FUNCTION = YES;
				GCC_WARN_UNUSED_VARIABLE = YES;
				IPHONEOS_DEPLOYMENT_TARGET = 13.2;
				MTL_ENABLE_DEBUG_INFO = NO;
				MTL_FAST_MATH = YES;
				SDKROOT = iphoneos;
				SWIFT_COMPILATION_MODE = wholemodule;
				SWIFT_OPTIMIZATION_LEVEL = "-O";
				VALIDATE_PRODUCT = YES;
			};
			name = Release;
		};
		027BA67E247EF2E8002BBDD2 /* Debug */ = {
			isa = XCBuildConfiguration;
			buildSettings = {
				ASSETCATALOG_COMPILER_APPICON_NAME = AppIcon;
				CODE_SIGN_STYLE = Automatic;
				DEVELOPMENT_ASSET_PATHS = "\"Memory/Preview Content\"";
				ENABLE_PREVIEWS = YES;
				INFOPLIST_FILE = Memory/Info.plist;
				LD_RUNPATH_SEARCH_PATHS = (
					"$(inherited)",
					"@executable_path/Frameworks",
				);
				PRODUCT_BUNDLE_IDENTIFIER = com.envisageapps.learnings.Memory;
				PRODUCT_NAME = "$(TARGET_NAME)";
				SWIFT_VERSION = 5.0;
				TARGETED_DEVICE_FAMILY = "1,2";
			};
			name = Debug;
		};
		027BA67F247EF2E8002BBDD2 /* Release */ = {
			isa = XCBuildConfiguration;
			buildSettings = {
				ASSETCATALOG_COMPILER_APPICON_NAME = AppIcon;
				CODE_SIGN_STYLE = Automatic;
				DEVELOPMENT_ASSET_PATHS = "\"Memory/Preview Content\"";
				ENABLE_PREVIEWS = YES;
				INFOPLIST_FILE = Memory/Info.plist;
				LD_RUNPATH_SEARCH_PATHS = (
					"$(inherited)",
					"@executable_path/Frameworks",
				);
				PRODUCT_BUNDLE_IDENTIFIER = com.envisageapps.learnings.Memory;
				PRODUCT_NAME = "$(TARGET_NAME)";
				SWIFT_VERSION = 5.0;
				TARGETED_DEVICE_FAMILY = "1,2";
			};
			name = Release;
		};
/* End XCBuildConfiguration section */

/* Begin XCConfigurationList section */
		027BA664247EF2E4002BBDD2 /* Build configuration list for PBXProject "Memory" */ = {
			isa = XCConfigurationList;
			buildConfigurations = (
				027BA67B247EF2E8002BBDD2 /* Debug */,
				027BA67C247EF2E8002BBDD2 /* Release */,
			);
			defaultConfigurationIsVisible = 0;
			defaultConfigurationName = Release;
		};
		027BA67D247EF2E8002BBDD2 /* Build configuration list for PBXNativeTarget "Memory" */ = {
			isa = XCConfigurationList;
			buildConfigurations = (
				027BA67E247EF2E8002BBDD2 /* Debug */,
				027BA67F247EF2E8002BBDD2 /* Release */,
			);
			defaultConfigurationIsVisible = 0;
			defaultConfigurationName = Release;
		};
/* End XCConfigurationList section */
	};
	rootObject = 027BA661247EF2E4002BBDD2 /* Project object */;
}
